
Microsoft Visual Studio Solution File, Format Version 12.00
Project("{FAE04EC0-301F-11D3-BF4B-00C04F79EFBC}") = "N_Tier.BLL", "N_Tier.BLL\N_Tier.BLL.csproj", "{1E14F2A0-5F0E-41EB-9926-13D25CD4BD0D}"
EndProject
Project("{FAE04EC0-301F-11D3-BF4B-00C04F79EFBC}") = "N_Tier.DAL", "N_Tier.DAL\N_Tier.DAL.csproj", "{B7A3FE86-9279-470F-AF32-41B2422E3C98}"
EndProject
Project("{FAE04EC0-301F-11D3-BF4B-00C04F79EFBC}") = "N_Tier.API", "N_Tier.API\N_Tier.API.csproj", "{EA08D3B9-9079-40B1-9FDC-D114127142D0}"
EndProject
Project("{FAE04EC0-301F-11D3-BF4B-00C04F79EFBC}") = "N_Tier.Domain", "N_Tier.Domain\N_Tier.Domain.csproj", "{E343AA4E-DC57-4A43-9BFB-79FCCF6871AA}"
EndProject
Global
	GlobalSection(SolutionConfigurationPlatforms) = preSolution
		Debug|Any CPU = Debug|Any CPU
		Release|Any CPU = Release|Any CPU
	EndGlobalSection
	GlobalSection(ProjectConfigurationPlatforms) = postSolution
		{1E14F2A0-5F0E-41EB-9926-13D25CD4BD0D}.Debug|Any CPU.ActiveCfg = Debug|Any CPU
		{1E14F2A0-5F0E-41EB-9926-13D25CD4BD0D}.Debug|Any CPU.Build.0 = Debug|Any CPU
		{1E14F2A0-5F0E-41EB-9926-13D25CD4BD0D}.Release|Any CPU.ActiveCfg = Release|Any CPU
		{1E14F2A0-5F0E-41EB-9926-13D25CD4BD0D}.Release|Any CPU.Build.0 = Release|Any CPU
		{B7A3FE86-9279-470F-AF32-41B2422E3C98}.Debug|Any CPU.ActiveCfg = Debug|Any CPU
		{B7A3FE86-9279-470F-AF32-41B2422E3C98}.Debug|Any CPU.Build.0 = Debug|Any CPU
		{B7A3FE86-9279-470F-AF32-41B2422E3C98}.Release|Any CPU.ActiveCfg = Release|Any CPU
		{B7A3FE86-9279-470F-AF32-41B2422E3C98}.Release|Any CPU.Build.0 = Release|Any CPU
		{EA08D3B9-9079-40B1-9FDC-D114127142D0}.Debug|Any CPU.ActiveCfg = Debug|Any CPU
		{EA08D3B9-9079-40B1-9FDC-D114127142D0}.Debug|Any CPU.Build.0 = Debug|Any CPU
		{EA08D3B9-9079-40B1-9FDC-D114127142D0}.Release|Any CPU.ActiveCfg = Release|Any CPU
		{EA08D3B9-9079-40B1-9FDC-D114127142D0}.Release|Any CPU.Build.0 = Release|Any CPU
		{E343AA4E-DC57-4A43-9BFB-79FCCF6871AA}.Debug|Any CPU.ActiveCfg = Debug|Any CPU
		{E343AA4E-DC57-4A43-9BFB-79FCCF6871AA}.Debug|Any CPU.Build.0 = Debug|Any CPU
		{E343AA4E-DC57-4A43-9BFB-79FCCF6871AA}.Release|Any CPU.ActiveCfg = Release|Any CPU
		{E343AA4E-DC57-4A43-9BFB-79FCCF6871AA}.Release|Any CPU.Build.0 = Release|Any CPU
	EndGlobalSection
EndGlobal
